# THIS IS AN AUTOGENERATED FILE. DO NOT EDIT THIS FILE DIRECTLY.
# yarn lockfile v1


"@types/node@^17.0.30":
  version "17.0.30"
  resolved "https://registry.yarnpkg.com/@types/node/-/node-17.0.30.tgz#2c6e8512acac70815e8176aa30c38025067880ef"
  integrity sha512-oNBIZjIqyHYP8VCNAV9uEytXVeXG2oR0w9lgAXro20eugRQfY002qr3CUl6BAe+Yf/z3CRjPdz27Pu6WWtuSRw==

async-lock@^1.1.0:
  version "1.3.1"
  resolved "https://registry.yarnpkg.com/async-lock/-/async-lock-1.3.1.tgz#f2301c200600cde97acc386453b7126fa8aced3c"
  integrity sha512-zK7xap9UnttfbE23JmcrNIyueAn6jWshihJqA33U/hEnKprF/lVGBDsBv/bqLm2YMMl1DnpHhUY044eA0t1TUw==

clean-git-ref@^2.0.1:
  version "2.0.1"
  resolved "https://registry.yarnpkg.com/clean-git-ref/-/clean-git-ref-2.0.1.tgz#dcc0ca093b90e527e67adb5a5e55b1af6816dcd9"
  integrity sha512-bLSptAy2P0s6hU4PzuIMKmMJJSE6gLXGH1cntDu7bWJUksvuM+7ReOK61mozULErYvP6a15rnYl0zFDef+pyPw==

crc-32@^1.2.0:
  version "1.2.2"
  resolved "https://registry.yarnpkg.com/crc-32/-/crc-32-1.2.2.tgz#3cad35a934b8bf71f25ca524b6da51fb7eace2ff"
  integrity sha512-ROmzCKrTnOwybPcJApAA6WBWij23HVfGVNKqqrZpuyZOHqK2CwHSvpGuyt/UNNvaIjEd8X5IFGp4Mh+Ie1IHJQ==

decompress-response@^6.0.0:
  version "6.0.0"
  resolved "https://registry.yarnpkg.com/decompress-response/-/decompress-response-6.0.0.tgz#ca387612ddb7e104bd16d85aab00d5ecf09c66fc"
  integrity sha512-aW35yZM6Bb/4oJlZncMH2LCoZtJXTRxES17vE3hoRiowU2kWHaJKFkSBDnDR+cm9J+9QhXmREyIfv0pji9ejCQ==
  dependencies:
    mimic-response "^3.1.0"

diff3@0.0.3:
  version "0.0.3"
  resolved "https://registry.yarnpkg.com/diff3/-/diff3-0.0.3.tgz#d4e5c3a4cdf4e5fe1211ab42e693fcb4321580fc"
  integrity sha1-1OXDpM305f4SEatC5pP8tDIVgPw=

esbuild-android-64@0.14.38:
  version "0.14.38"
  resolved "https://registry.yarnpkg.com/esbuild-android-64/-/esbuild-android-64-0.14.38.tgz#5b94a1306df31d55055f64a62ff6b763a47b7f64"
  integrity sha512-aRFxR3scRKkbmNuGAK+Gee3+yFxkTJO/cx83Dkyzo4CnQl/2zVSurtG6+G86EQIZ+w+VYngVyK7P3HyTBKu3nw==

esbuild-android-arm64@0.14.38:
  version "0.14.38"
  resolved "https://registry.yarnpkg.com/esbuild-android-arm64/-/esbuild-android-arm64-0.14.38.tgz#78acc80773d16007de5219ccce544c036abd50b8"
  integrity sha512-L2NgQRWuHFI89IIZIlpAcINy9FvBk6xFVZ7xGdOwIm8VyhX1vNCEqUJO3DPSSy945Gzdg98cxtNt8Grv1CsyhA==

esbuild-darwin-64@0.14.38:
  version "0.14.38"
  resolved "https://registry.yarnpkg.com/esbuild-darwin-64/-/esbuild-darwin-64-0.14.38.tgz#e02b1291f629ebdc2aa46fabfacc9aa28ff6aa46"
  integrity sha512-5JJvgXkX87Pd1Og0u/NJuO7TSqAikAcQQ74gyJ87bqWRVeouky84ICoV4sN6VV53aTW+NE87qLdGY4QA2S7KNA==

esbuild-darwin-arm64@0.14.38:
  version "0.14.38"
  resolved "https://registry.yarnpkg.com/esbuild-darwin-arm64/-/esbuild-darwin-arm64-0.14.38.tgz#01eb6650ec010b18c990e443a6abcca1d71290a9"
  integrity sha512-eqF+OejMI3mC5Dlo9Kdq/Ilbki9sQBw3QlHW3wjLmsLh+quNfHmGMp3Ly1eWm981iGBMdbtSS9+LRvR2T8B3eQ==

esbuild-freebsd-64@0.14.38:
  version "0.14.38"
  resolved "https://registry.yarnpkg.com/esbuild-freebsd-64/-/esbuild-freebsd-64-0.14.38.tgz#790b8786729d4aac7be17648f9ea8e0e16475b5e"
  integrity sha512-epnPbhZUt93xV5cgeY36ZxPXDsQeO55DppzsIgWM8vgiG/Rz+qYDLmh5ts3e+Ln1wA9dQ+nZmVHw+RjaW3I5Ig==

esbuild-freebsd-arm64@0.14.38:
  version "0.14.38"
  resolved "https://registry.yarnpkg.com/esbuild-freebsd-arm64/-/esbuild-freebsd-arm64-0.14.38.tgz#b66340ab28c09c1098e6d9d8ff656db47d7211e6"
  integrity sha512-/9icXUYJWherhk+y5fjPI5yNUdFPtXHQlwP7/K/zg8t8lQdHVj20SqU9/udQmeUo5pDFHMYzcEFfJqgOVeKNNQ==

esbuild-linux-32@0.14.38:
  version "0.14.38"
  resolved "https://registry.yarnpkg.com/esbuild-linux-32/-/esbuild-linux-32-0.14.38.tgz#7927f950986fd39f0ff319e92839455912b67f70"
  integrity sha512-QfgfeNHRFvr2XeHFzP8kOZVnal3QvST3A0cgq32ZrHjSMFTdgXhMhmWdKzRXP/PKcfv3e2OW9tT9PpcjNvaq6g==

esbuild-linux-64@0.14.38:
  version "0.14.38"
  resolved "https://registry.yarnpkg.com/esbuild-linux-64/-/esbuild-linux-64-0.14.38.tgz#4893d07b229d9cfe34a2b3ce586399e73c3ac519"
  integrity sha512-uuZHNmqcs+Bj1qiW9k/HZU3FtIHmYiuxZ/6Aa+/KHb/pFKr7R3aVqvxlAudYI9Fw3St0VCPfv7QBpUITSmBR1Q==

esbuild-linux-arm64@0.14.38:
  version "0.14.38"
  resolved "https://registry.yarnpkg.com/esbuild-linux-arm64/-/esbuild-linux-arm64-0.14.38.tgz#8442402e37d0b8ae946ac616784d9c1a2041056a"
  integrity sha512-HlMGZTEsBrXrivr64eZ/EO0NQM8H8DuSENRok9d+Jtvq8hOLzrxfsAT9U94K3KOGk2XgCmkaI2KD8hX7F97lvA==

esbuild-linux-arm@0.14.38:
  version "0.14.38"
  resolved "https://registry.yarnpkg.com/esbuild-linux-arm/-/esbuild-linux-arm-0.14.38.tgz#d5dbf32d38b7f79be0ec6b5fb2f9251fd9066986"
  integrity sha512-FiFvQe8J3VKTDXG01JbvoVRXQ0x6UZwyrU4IaLBZeq39Bsbatd94Fuc3F1RGqPF5RbIWW7RvkVQjn79ejzysnA==

esbuild-linux-mips64le@0.14.38:
  version "0.14.38"
  resolved "https://registry.yarnpkg.com/esbuild-linux-mips64le/-/esbuild-linux-mips64le-0.14.38.tgz#95081e42f698bbe35d8ccee0e3a237594b337eb5"
  integrity sha512-qd1dLf2v7QBiI5wwfil9j0HG/5YMFBAmMVmdeokbNAMbcg49p25t6IlJFXAeLzogv1AvgaXRXvgFNhScYEUXGQ==

esbuild-linux-ppc64le@0.14.38:
  version "0.14.38"
  resolved "https://registry.yarnpkg.com/esbuild-linux-ppc64le/-/esbuild-linux-ppc64le-0.14.38.tgz#dceb0a1b186f5df679618882a7990bd422089b47"
  integrity sha512-mnbEm7o69gTl60jSuK+nn+pRsRHGtDPfzhrqEUXyCl7CTOCLtWN2bhK8bgsdp6J/2NyS/wHBjs1x8aBWwP2X9Q==

esbuild-linux-riscv64@0.14.38:
  version "0.14.38"
  resolved "https://registry.yarnpkg.com/esbuild-linux-riscv64/-/esbuild-linux-riscv64-0.14.38.tgz#61fb8edb75f475f9208c4a93ab2bfab63821afd2"
  integrity sha512-+p6YKYbuV72uikChRk14FSyNJZ4WfYkffj6Af0/Tw63/6TJX6TnIKE+6D3xtEc7DeDth1fjUOEqm+ApKFXbbVQ==

esbuild-linux-s390x@0.14.38:
  version "0.14.38"
  resolved "https://registry.yarnpkg.com/esbuild-linux-s390x/-/esbuild-linux-s390x-0.14.38.tgz#34c7126a4937406bf6a5e69100185fd702d12fe0"
  integrity sha512-0zUsiDkGJiMHxBQ7JDU8jbaanUY975CdOW1YDrurjrM0vWHfjv9tLQsW9GSyEb/heSK1L5gaweRjzfUVBFoybQ==

esbuild-netbsd-64@0.14.38:
  version "0.14.38"
  resolved "https://registry.yarnpkg.com/esbuild-netbsd-64/-/esbuild-netbsd-64-0.14.38.tgz#322ea9937d9e529183ee281c7996b93eb38a5d95"
  integrity sha512-cljBAApVwkpnJZfnRVThpRBGzCi+a+V9Ofb1fVkKhtrPLDYlHLrSYGtmnoTVWDQdU516qYI8+wOgcGZ4XIZh0Q==

esbuild-openbsd-64@0.14.38:
  version "0.14.38"
  resolved "https://registry.yarnpkg.com/esbuild-openbsd-64/-/esbuild-openbsd-64-0.14.38.tgz#1ca29bb7a2bf09592dcc26afdb45108f08a2cdbd"
  integrity sha512-CDswYr2PWPGEPpLDUO50mL3WO/07EMjnZDNKpmaxUPsrW+kVM3LoAqr/CE8UbzugpEiflYqJsGPLirThRB18IQ==

esbuild-sunos-64@0.14.38:
  version "0.14.38"
  resolved "https://registry.yarnpkg.com/esbuild-sunos-64/-/esbuild-sunos-64-0.14.38.tgz#c9446f7d8ebf45093e7bb0e7045506a88540019b"
  integrity sha512-2mfIoYW58gKcC3bck0j7lD3RZkqYA7MmujFYmSn9l6TiIcAMpuEvqksO+ntBgbLep/eyjpgdplF7b+4T9VJGOA==

esbuild-windows-32@0.14.38:
  version "0.14.38"
  resolved "https://registry.yarnpkg.com/esbuild-windows-32/-/esbuild-windows-32-0.14.38.tgz#f8e9b4602fd0ccbd48e5c8d117ec0ba4040f2ad1"
  integrity sha512-L2BmEeFZATAvU+FJzJiRLFUP+d9RHN+QXpgaOrs2klshoAm1AE6Us4X6fS9k33Uy5SzScn2TpcgecbqJza1Hjw==

esbuild-windows-64@0.14.38:
  version "0.14.38"
  resolved "https://registry.yarnpkg.com/esbuild-windows-64/-/esbuild-windows-64-0.14.38.tgz#280f58e69f78535f470905ce3e43db1746518107"
  integrity sha512-Khy4wVmebnzue8aeSXLC+6clo/hRYeNIm0DyikoEqX+3w3rcvrhzpoix0S+MF9vzh6JFskkIGD7Zx47ODJNyCw==

esbuild-windows-arm64@0.14.38:
  version "0.14.38"
  resolved "https://registry.yarnpkg.com/esbuild-windows-arm64/-/esbuild-windows-arm64-0.14.38.tgz#d97e9ac0f95a4c236d9173fa9f86c983d6a53f54"
  integrity sha512-k3FGCNmHBkqdJXuJszdWciAH77PukEyDsdIryEHn9cKLQFxzhT39dSumeTuggaQcXY57UlmLGIkklWZo2qzHpw==

esbuild@^0.14.38:
  version "0.14.38"
  resolved "https://registry.yarnpkg.com/esbuild/-/esbuild-0.14.38.tgz#99526b778cd9f35532955e26e1709a16cca2fb30"
  integrity sha512-12fzJ0fsm7gVZX1YQ1InkOE5f9Tl7cgf6JPYXRJtPIoE0zkWAbHdPHVPPaLi9tYAcEBqheGzqLn/3RdTOyBfcA==
  optionalDependencies:
    esbuild-android-64 "0.14.38"
    esbuild-android-arm64 "0.14.38"
    esbuild-darwin-64 "0.14.38"
    esbuild-darwin-arm64 "0.14.38"
    esbuild-freebsd-64 "0.14.38"
    esbuild-freebsd-arm64 "0.14.38"
    esbuild-linux-32 "0.14.38"
    esbuild-linux-64 "0.14.38"
    esbuild-linux-arm "0.14.38"
    esbuild-linux-arm64 "0.14.38"
    esbuild-linux-mips64le "0.14.38"
    esbuild-linux-ppc64le "0.14.38"
    esbuild-linux-riscv64 "0.14.38"
    esbuild-linux-s390x "0.14.38"
    esbuild-netbsd-64 "0.14.38"
    esbuild-openbsd-64 "0.14.38"
    esbuild-sunos-64 "0.14.38"
    esbuild-windows-32 "0.14.38"
    esbuild-windows-64 "0.14.38"
    esbuild-windows-arm64 "0.14.38"

ignore@^5.1.4:
  version "5.2.0"
  resolved "https://registry.yarnpkg.com/ignore/-/ignore-5.2.0.tgz#6d3bac8fa7fe0d45d9f9be7bac2fc279577e345a"
  integrity sha512-CmxgYGiEPCLhfLnpPp1MoRmifwEIOgjcHXxOBjv7mY96c+eWScsOP9c112ZyLdWHi0FxHjI+4uVhKYp/gcdRmQ==

inherits@^2.0.1, inherits@^2.0.3:
  version "2.0.4"
  resolved "https://registry.yarnpkg.com/inherits/-/inherits-2.0.4.tgz#0fa2c64f932917c3433a0ded55363aae37416b7c"
  integrity sha512-k/vGaX4/Yla3WzyMCvTQOXYeIHvqOKtnqBduzTHpzpQZzAskKMhZ2K+EnBiSM9zGSoIFeMpXKxa4dYeZIQqewQ==

isomorphic-git@^1.17.1:
  version "1.17.1"
  resolved "https://registry.yarnpkg.com/isomorphic-git/-/isomorphic-git-1.17.1.tgz#ac5a095b78cf5ceef51954f5df4b1bdd24943e5f"
  integrity sha512-JLZzAmc78yELH6+bZgMzqV0KGEi2duo+URWmyEnSbhhibHwDsMIlUw5tr1ZVHjC2CUQtU0X/5EY9Sbzsyx7nug==
  dependencies:
    async-lock "^1.1.0"
    clean-git-ref "^2.0.1"
    crc-32 "^1.2.0"
    diff3 "0.0.3"
    ignore "^5.1.4"
    minimisted "^2.0.0"
    pako "^1.0.10"
    pify "^4.0.1"
    readable-stream "^3.4.0"
    sha.js "^2.4.9"
    simple-get "^4.0.1"

mimic-response@^3.1.0:
  version "3.1.0"
  resolved "https://registry.yarnpkg.com/mimic-response/-/mimic-response-3.1.0.tgz#2d1d59af9c1b129815accc2c46a022a5ce1fa3c9"
  integrity sha512-z0yWI+4FDrrweS8Zmt4Ej5HdJmky15+L2e6Wgn3+iK5fWzb6T3fhNFq2+MeTRb064c6Wr4N/wv0DzQTjNzHNGQ==

minimist@^1.2.5:
  version "1.2.6"
  resolved "https://registry.yarnpkg.com/minimist/-/minimist-1.2.6.tgz#8637a5b759ea0d6e98702cfb3a9283323c93af44"
  integrity sha512-Jsjnk4bw3YJqYzbdyBiNsPWHPfO++UGG749Cxs6peCu5Xg4nrena6OVxOYxrQTqww0Jmwt+Ref8rggumkTLz9Q==

minimisted@^2.0.0:
  version "2.0.1"
  resolved "https://registry.yarnpkg.com/minimisted/-/minimisted-2.0.1.tgz#d059fb905beecf0774bc3b308468699709805cb1"
  integrity sha512-1oPjfuLQa2caorJUM8HV8lGgWCc0qqAO1MNv/k05G4qslmsndV/5WdNZrqCiyqiz3wohia2Ij2B7w2Dr7/IyrA==
  dependencies:
    minimist "^1.2.5"

nanoid@^3.3.3:
  version "3.3.3"
  resolved "https://registry.yarnpkg.com/nanoid/-/nanoid-3.3.3.tgz#fd8e8b7aa761fe807dba2d1b98fb7241bb724a25"
  integrity sha512-p1sjXuopFs0xg+fPASzQ28agW1oHD7xDsd9Xkf3T15H3c/cifrFHVwrh74PdoklAPi+i7MdRsE47vm2r6JoB+w==

once@^1.3.1:
  version "1.4.0"
  resolved "https://registry.yarnpkg.com/once/-/once-1.4.0.tgz#583b1aa775961d4b113ac17d9c50baef9dd76bd1"
  integrity sha1-WDsap3WWHUsROsF9nFC6753Xa9E=
  dependencies:
    wrappy "1"

pako@^1.0.10:
  version "1.0.11"
  resolved "https://registry.yarnpkg.com/pako/-/pako-1.0.11.tgz#6c9599d340d54dfd3946380252a35705a6b992bf"
  integrity sha512-4hLB8Py4zZce5s4yd9XzopqwVv/yGNhV1Bl8NTmCq1763HeK2+EwVTv+leGeL13Dnh2wfbqowVPXCIO0z4taYw==

pify@^4.0.1:
  version "4.0.1"
  resolved "https://registry.yarnpkg.com/pify/-/pify-4.0.1.tgz#4b2cd25c50d598735c50292224fd8c6df41e3231"
  integrity sha512-uB80kBFb/tfd68bVleG9T5GGsGPjJrLAUpR5PZIrhBnIaRTQRjqdJSsIKkOP6OAIFbj7GOrcudc5pNjZ+geV2g==

readable-stream@^3.4.0:
  version "3.6.0"
  resolved "https://registry.yarnpkg.com/readable-stream/-/readable-stream-3.6.0.tgz#337bbda3adc0706bd3e024426a286d4b4b2c9198"
  integrity sha512-BViHy7LKeTz4oNnkcLJ+lVSL6vpiFeX6/d3oSH8zCW7UxP2onchk+vTGB143xuFjHS3deTgkKoXXymXqymiIdA==
  dependencies:
    inherits "^2.0.3"
    string_decoder "^1.1.1"
    util-deprecate "^1.0.1"

safe-buffer@^5.0.1, safe-buffer@~5.2.0:
  version "5.2.1"
  resolved "https://registry.yarnpkg.com/safe-buffer/-/safe-buffer-5.2.1.tgz#1eaf9fa9bdb1fdd4ec75f58f9cdb4e6b7827eec6"
  integrity sha512-rp3So07KcdmmKbGvgaNxQSJr7bGVSVk5S9Eq1F+ppbRo70+YeaDxkw5Dd8NPN+GD6bjnYm2VuPuCXmpuYvmCXQ==

sha.js@^2.4.9:
  version "2.4.11"
  resolved "https://registry.yarnpkg.com/sha.js/-/sha.js-2.4.11.tgz#37a5cf0b81ecbc6943de109ba2960d1b26584ae7"
  integrity sha512-QMEp5B7cftE7APOjk5Y6xgrbWu+WkLVQwk8JNjZ8nKRciZaByEW6MubieAiToS7+dwvrjGhH8jRXz3MVd0AYqQ==
  dependencies:
    inherits "^2.0.1"
    safe-buffer "^5.0.1"

simple-concat@^1.0.0:
  version "1.0.1"
  resolved "https://registry.yarnpkg.com/simple-concat/-/simple-concat-1.0.1.tgz#f46976082ba35c2263f1c8ab5edfe26c41c9552f"
  integrity sha512-cSFtAPtRhljv69IK0hTVZQ+OfE9nePi/rtJmw5UjHeVyVroEqJXP1sFztKUy1qU+xvz3u/sfYJLa947b7nAN2Q==

simple-get@^4.0.1:
  version "4.0.1"
  resolved "https://registry.yarnpkg.com/simple-get/-/simple-get-4.0.1.tgz#4a39db549287c979d352112fa03fd99fd6bc3543"
  integrity sha512-brv7p5WgH0jmQJr1ZDDfKDOSeWWg+OVypG99A/5vYGPqJ6pxiaHLy8nxtFjBA7oMa01ebA9gfh1uMCFqOuXxvA==
  dependencies:
    decompress-response "^6.0.0"
    once "^1.3.1"
    simple-concat "^1.0.0"

string_decoder@^1.1.1:
  version "1.3.0"
  resolved "https://registry.yarnpkg.com/string_decoder/-/string_decoder-1.3.0.tgz#42f114594a46cf1a8e30b0a84f56c78c3edac21e"
  integrity sha512-hkRX8U1WjJFd8LsDJ2yQ/wWWxaopEsABU1XfkM8A+j0+85JAGppt16cr1Whg6KIbb4okU6Mql6BOj+uup/wKeA==
  dependencies:
    safe-buffer "~5.2.0"

typescript@^4.6.4:
  version "4.6.4"
  resolved "https://registry.yarnpkg.com/typescript/-/typescript-4.6.4.tgz#caa78bbc3a59e6a5c510d35703f6a09877ce45e9"
  integrity sha512-9ia/jWHIEbo49HfjrLGfKbZSuWo9iTMwXO+Ca3pRsSpbsMbc7/IU8NKdCZVRRBafVPGnoJeFL76ZOAA84I9fEg==

util-deprecate@^1.0.1:
  version "1.0.2"
  resolved "https://registry.yarnpkg.com/util-deprecate/-/util-deprecate-1.0.2.tgz#450d4dc9fa70de732762fbd2d4a28981419a0ccf"
  integrity sha1-RQ1Nyfpw3nMnYvvS1KKJgUGaDM8=

wrappy@1:
  version "1.0.2"
  resolved "https://registry.yarnpkg.com/wrappy/-/wrappy-1.0.2.tgz#b5243d8f3ec1aa35f1364605bc0d1036e30ab69f"
  integrity sha1-tSQ9jz7BqjXxNkYFvA0QNuMKtp8=
